
Microsoft Visual Studio Solution File, Format Version 12.00
# Visual Studio Version 17
VisualStudioVersion = 17.1.32228.430
MinimumVisualStudioVersion = 10.0.40219.1
Project("{9A19103F-16F7-4668-BE54-9A1E7A4F7556}") = "AutoQuizzer", "AutoQuizzer\AutoQuizzer.csproj", "{48F006F5-EB37-4BDD-A893-D08BBDBB525A}"
EndProject
Project("{2150E333-8FDC-42A3-9474-1A3956D46DE8}") = "api", "api", "{16FAC6E3-5047-495B-9203-3CAF7697FC5A}"
EndProject
Project("{9A19103F-16F7-4668-BE54-9A1E7A4F7556}") = "Types", "api\Types\Types.csproj", "{5156BECC-05E6-4A28-8296-131CCF447381}"
EndProject
Project("{9A19103F-16F7-4668-BE54-9A1E7A4F7556}") = "Interfaces", "api\Interfaces\Interfaces.csproj", "{6DFF39F8-61FA-4963-9160-846C198B43D7}"
EndProject
Project("{9A19103F-16F7-4668-BE54-9A1E7A4F7556}") = "Controllers", "api\Controllers\Controllers.csproj", "{1099625C-DD38-43B2-8C60-4B71C5DF9FC9}"
EndProject
Project("{9A19103F-16F7-4668-BE54-9A1E7A4F7556}") = "ApplicationService", "api\Services\ApplicationService\ApplicationService\ApplicationService.csproj", "{554DA3C4-135E-4C5E-88B1-DFD9A65E2F51}"
EndProject
Project("{9A19103F-16F7-4668-BE54-9A1E7A4F7556}") = "Repositories", "api\Repositories\Repositories\Repositories.csproj", "{BF47C070-17B1-4EE7-98C8-72881DCEBD43}"
EndProject
Project("{FAE04EC0-301F-11D3-BF4B-00C04F79EFBC}") = "Security", "api\Security\Security\Security.csproj", "{27896AE2-811E-4F6D-B24F-E2634DE08C6A}"
EndProject
Project("{FAE04EC0-301F-11D3-BF4B-00C04F79EFBC}") = "Mapper", "api\Automapper\Automapper\Mapper.csproj", "{E9B9C9B8-BCE5-477A-9F31-C5D4ACCFAD17}"
EndProject
Global
	GlobalSection(SolutionConfigurationPlatforms) = preSolution
		Debug|Any CPU = Debug|Any CPU
		Release|Any CPU = Release|Any CPU
	EndGlobalSection
	GlobalSection(ProjectConfigurationPlatforms) = postSolution
		{48F006F5-EB37-4BDD-A893-D08BBDBB525A}.Debug|Any CPU.ActiveCfg = Debug|Any CPU
		{48F006F5-EB37-4BDD-A893-D08BBDBB525A}.Debug|Any CPU.Build.0 = Debug|Any CPU
		{48F006F5-EB37-4BDD-A893-D08BBDBB525A}.Release|Any CPU.ActiveCfg = Release|Any CPU
		{48F006F5-EB37-4BDD-A893-D08BBDBB525A}.Release|Any CPU.Build.0 = Release|Any CPU
		{5156BECC-05E6-4A28-8296-131CCF447381}.Debug|Any CPU.ActiveCfg = Debug|Any CPU
		{5156BECC-05E6-4A28-8296-131CCF447381}.Debug|Any CPU.Build.0 = Debug|Any CPU
		{5156BECC-05E6-4A28-8296-131CCF447381}.Release|Any CPU.ActiveCfg = Release|Any CPU
		{5156BECC-05E6-4A28-8296-131CCF447381}.Release|Any CPU.Build.0 = Release|Any CPU
		{6DFF39F8-61FA-4963-9160-846C198B43D7}.Debug|Any CPU.ActiveCfg = Debug|Any CPU
		{6DFF39F8-61FA-4963-9160-846C198B43D7}.Debug|Any CPU.Build.0 = Debug|Any CPU
		{6DFF39F8-61FA-4963-9160-846C198B43D7}.Release|Any CPU.ActiveCfg = Release|Any CPU
		{6DFF39F8-61FA-4963-9160-846C198B43D7}.Release|Any CPU.Build.0 = Release|Any CPU
		{1099625C-DD38-43B2-8C60-4B71C5DF9FC9}.Debug|Any CPU.ActiveCfg = Debug|Any CPU
		{1099625C-DD38-43B2-8C60-4B71C5DF9FC9}.Debug|Any CPU.Build.0 = Debug|Any CPU
		{1099625C-DD38-43B2-8C60-4B71C5DF9FC9}.Release|Any CPU.ActiveCfg = Release|Any CPU
		{1099625C-DD38-43B2-8C60-4B71C5DF9FC9}.Release|Any CPU.Build.0 = Release|Any CPU
		{554DA3C4-135E-4C5E-88B1-DFD9A65E2F51}.Debug|Any CPU.ActiveCfg = Debug|Any CPU
		{554DA3C4-135E-4C5E-88B1-DFD9A65E2F51}.Debug|Any CPU.Build.0 = Debug|Any CPU
		{554DA3C4-135E-4C5E-88B1-DFD9A65E2F51}.Release|Any CPU.ActiveCfg = Release|Any CPU
		{554DA3C4-135E-4C5E-88B1-DFD9A65E2F51}.Release|Any CPU.Build.0 = Release|Any CPU
		{BF47C070-17B1-4EE7-98C8-72881DCEBD43}.Debug|Any CPU.ActiveCfg = Debug|Any CPU
		{BF47C070-17B1-4EE7-98C8-72881DCEBD43}.Debug|Any CPU.Build.0 = Debug|Any CPU
		{BF47C070-17B1-4EE7-98C8-72881DCEBD43}.Release|Any CPU.ActiveCfg = Release|Any CPU
		{BF47C070-17B1-4EE7-98C8-72881DCEBD43}.Release|Any CPU.Build.0 = Release|Any CPU
		{27896AE2-811E-4F6D-B24F-E2634DE08C6A}.Debug|Any CPU.ActiveCfg = Debug|Any CPU
		{27896AE2-811E-4F6D-B24F-E2634DE08C6A}.Debug|Any CPU.Build.0 = Debug|Any CPU
		{27896AE2-811E-4F6D-B24F-E2634DE08C6A}.Release|Any CPU.ActiveCfg = Release|Any CPU
		{27896AE2-811E-4F6D-B24F-E2634DE08C6A}.Release|Any CPU.Build.0 = Release|Any CPU
		{E9B9C9B8-BCE5-477A-9F31-C5D4ACCFAD17}.Debug|Any CPU.ActiveCfg = Debug|Any CPU
		{E9B9C9B8-BCE5-477A-9F31-C5D4ACCFAD17}.Debug|Any CPU.Build.0 = Debug|Any CPU
		{E9B9C9B8-BCE5-477A-9F31-C5D4ACCFAD17}.Release|Any CPU.ActiveCfg = Release|Any CPU
		{E9B9C9B8-BCE5-477A-9F31-C5D4ACCFAD17}.Release|Any CPU.Build.0 = Release|Any CPU
	EndGlobalSection
	GlobalSection(SolutionProperties) = preSolution
		HideSolutionNode = FALSE
	EndGlobalSection
	GlobalSection(NestedProjects) = preSolution
		{5156BECC-05E6-4A28-8296-131CCF447381} = {16FAC6E3-5047-495B-9203-3CAF7697FC5A}
		{6DFF39F8-61FA-4963-9160-846C198B43D7} = {16FAC6E3-5047-495B-9203-3CAF7697FC5A}
		{1099625C-DD38-43B2-8C60-4B71C5DF9FC9} = {16FAC6E3-5047-495B-9203-3CAF7697FC5A}
		{554DA3C4-135E-4C5E-88B1-DFD9A65E2F51} = {16FAC6E3-5047-495B-9203-3CAF7697FC5A}
		{BF47C070-17B1-4EE7-98C8-72881DCEBD43} = {16FAC6E3-5047-495B-9203-3CAF7697FC5A}
		{27896AE2-811E-4F6D-B24F-E2634DE08C6A} = {16FAC6E3-5047-495B-9203-3CAF7697FC5A}
		{E9B9C9B8-BCE5-477A-9F31-C5D4ACCFAD17} = {16FAC6E3-5047-495B-9203-3CAF7697FC5A}
	EndGlobalSection
	GlobalSection(ExtensibilityGlobals) = postSolution
		SolutionGuid = {252BD6D9-6FF6-48E0-924F-1A5A40CD7975}
	EndGlobalSection
EndGlobal
